// !$*UTF8*$!
{
	archiveVersion = 1;
	classes = {
	};
	objectVersion = 46;
	objects = {

/* Begin PBXBuildFile section */
		1DFC393B1C8C190200D80572 /* AppDelegate.swift in Sources */ = {isa = PBXBuildFile; fileRef = 1DFC393A1C8C190200D80572 /* AppDelegate.swift */; };
		1DFC393D1C8C190200D80572 /* ViewController.swift in Sources */ = {isa = PBXBuildFile; fileRef = 1DFC393C1C8C190200D80572 /* ViewController.swift */; };
		1DFC39401C8C190200D80572 /* Main.storyboard in Resources */ = {isa = PBXBuildFile; fileRef = 1DFC393E1C8C190200D80572 /* Main.storyboard */; };
		1DFC39421C8C190200D80572 /* Assets.xcassets in Resources */ = {isa = PBXBuildFile; fileRef = 1DFC39411C8C190200D80572 /* Assets.xcassets */; };
		1DFC39451C8C190200D80572 /* LaunchScreen.storyboard in Resources */ = {isa = PBXBuildFile; fileRef = 1DFC39431C8C190200D80572 /* LaunchScreen.storyboard */; };
		1DFC39501C8CDDEB00D80572 /* PresentedViewController.swift in Sources */ = {isa = PBXBuildFile; fileRef = 1DFC394F1C8CDDEB00D80572 /* PresentedViewController.swift */; };
/* End PBXBuildFile section */

/* Begin PBXFileReference section */
		1DFC39371C8C190200D80572 /* SingleControllerRotation.app */ = {isa = PBXFileReference; explicitFileType = wrapper.application; includeInIndex = 0; path = SingleControllerRotation.app; sourceTree = BUILT_PRODUCTS_DIR; };
		1DFC393A1C8C190200D80572 /* AppDelegate.swift */ = {isa = PBXFileReference; lastKnownFileType = sourcecode.swift; path = AppDelegate.swift; sourceTree = "<group>"; };
		1DFC393C1C8C190200D80572 /* ViewController.swift */ = {isa = PBXFileReference; lastKnownFileType = sourcecode.swift; path = ViewController.swift; sourceTree = "<group>"; };
		1DFC393F1C8C190200D80572 /* Base */ = {isa = PBXFileReference; lastKnownFileType = file.storyboard; name = Base; path = Base.lproj/Main.storyboard; sourceTree = "<group>"; };
		1DFC39411C8C190200D80572 /* Assets.xcassets */ = {isa = PBXFileReference; lastKnownFileType = folder.assetcatalog; path = Assets.xcassets; sourceTree = "<group>"; };
		1DFC39441C8C190200D80572 /* Base */ = {isa = PBXFileReference; lastKnownFileType = file.storyboard; name = Base; path = Base.lproj/LaunchScreen.storyboard; sourceTree = "<group>"; };
		1DFC39461C8C190200D80572 /* Info.plist */ = {isa = PBXFileReference; lastKnownFileType = text.plist.xml; path = Info.plist; sourceTree = "<group>"; };
		1DFC394F1C8CDDEB00D80572 /* PresentedViewController.swift */ = {isa = PBXFileReference; fileEncoding = 4; lastKnownFileType = sourcecode.swift; path = PresentedViewController.swift; sourceTree = "<group>"; };
/* End PBXFileReference section */

/* Begin PBXFrameworksBuildPhase section */
		1DFC39341C8C190200D80572 /* Frameworks */ = {
			isa = PBXFrameworksBuildPhase;
			buildActionMask = 2147483647;
			files = (
			);
			runOnlyForDeploymentPostprocessing = 0;
		};
/* End PBXFrameworksBuildPhase section */

/* Begin PBXGroup section */
		1DFC392E1C8C190200D80572 = {
			isa = PBXGroup;
			children = (
				1DFC39391C8C190200D80572 /* SingleControllerRotation */,
				1DFC39381C8C190200D80572 /* Products */,
			);
			sourceTree = "<group>";
		};
		1DFC39381C8C190200D80572 /* Products */ = {
			isa = PBXGroup;
			children = (
				1DFC39371C8C190200D80572 /* SingleControllerRotation.app */,
			);
			name = Products;
			sourceTree = "<group>";
		};
		1DFC39391C8C190200D80572 /* SingleControllerRotation */ = {
			isa = PBXGroup;
			children = (
				1DFC393A1C8C190200D80572 /* AppDelegate.swift */,
				1DFC393C1C8C190200D80572 /* ViewController.swift */,
				1DFC394F1C8CDDEB00D80572 /* PresentedViewController.swift */,
				1DFC393E1C8C190200D80572 /* Main.storyboard */,
				1DFC39411C8C190200D80572 /* Assets.xcassets */,
				1DFC39431C8C190200D80572 /* LaunchScreen.storyboard */,
				1DFC39461C8C190200D80572 /* Info.plist */,
			);
			path = SingleControllerRotation;
			sourceTree = "<group>";
		};
/* End PBXGroup section */

/* Begin PBXNativeTarget section */
		1DFC39361C8C190200D80572 /* DeviceRotationOnlyOneViewController */ = {
			isa = PBXNativeTarget;
			buildConfigurationList = 1DFC39491C8C190200D80572 /* Build configuration list for PBXNativeTarget "DeviceRotationOnlyOneViewController" */;
			buildPhases = (
				1DFC39331C8C190200D80572 /* Sources */,
				1DFC39341C8C190200D80572 /* Frameworks */,
				1DFC39351C8C190200D80572 /* Resources */,
			);
			buildRules = (
			);
			dependencies = (
			);
			name = DeviceRotationOnlyOneViewController;
			productName = DeviceRotationOnlyOneViewController;
			productReference = 1DFC39371C8C190200D80572 /* SingleControllerRotation.app */;
			productType = "com.apple.product-type.application";
		};
/* End PBXNativeTarget section */

/* Begin PBXProject section */
		1DFC392F1C8C190200D80572 /* Project object */ = {
			isa = PBXProject;
			attributes = {
				LastSwiftUpdateCheck = 0720;
				LastUpgradeCheck = 0720;
				ORGANIZATIONNAME = jairobjunior;
				TargetAttributes = {
					1DFC39361C8C190200D80572 = {
						CreatedOnToolsVersion = 7.2.1;
					};
				};
			};
			buildConfigurationList = 1DFC39321C8C190200D80572 /* Build configuration list for PBXProject "SingleControllerRotation" */;
			compatibilityVersion = "Xcode 3.2";
			developmentRegion = English;
			hasScannedForEncodings = 0;
			knownRegions = (
				English,
				en,
				Base,
			);
			mainGroup = 1DFC392E1C8C190200D80572;
			productRefGroup = 1DFC39381C8C190200D80572 /* Products */;
			projectDirPath = "";
			projectRoot = "";
			targets = (
				1DFC39361C8C190200D80572 /* DeviceRotationOnlyOneViewController */,
			);
		};
/* End PBXProject section */

/* Begin PBXResourcesBuildPhase section */
		1DFC39351C8C190200D80572 /* Resources */ = {
			isa = PBXResourcesBuildPhase;
			buildActionMask = 2147483647;
			files = (
				1DFC39451C8C190200D80572 /* LaunchScreen.storyboard in Resources */,
				1DFC39421C8C190200D80572 /* Assets.xcassets in Resources */,
				1DFC39401C8C190200D80572 /* Main.storyboard in Resources */,
			);
			runOnlyForDeploymentPostprocessing = 0;
		};
/* End PBXResourcesBuildPhase section */

/* Begin PBXSourcesBuildPhase section */
		1DFC39331C8C190200D80572 /* Sources */ = {
			isa = PBXSourcesBuildPhase;
			buildActionMask = 2147483647;
			files = (
				1DFC393D1C8C190200D80572 /* ViewController.swift in Sources */,
				1DFC393B1C8C190200D80572 /* AppDelegate.swift in Sources */,
				1DFC39501C8CDDEB00D80572 /* PresentedViewController.swift in Sources */,
			);
			runOnlyForDeploymentPostprocessing = 0;
		};
/* End PBXSourcesBuildPhase section */

/* Begin PBXVariantGroup section */
		1DFC393E1C8C190200D80572 /* Main.storyboard */ = {
			isa = PBXVariantGroup;
			children = (
				1DFC393F1C8C190200D80572 /* Base */,
			);
			name = Main.storyboard;
			sourceTree = "<group>";
		};
		1DFC39431C8C190200D80572 /* LaunchScreen.storyboard */ = {
			isa = PBXVariantGroup;
			children = (
				1DFC39441C8C190200D80572 /* Base */,
			);
			name = LaunchScreen.storyboard;
			sourceTree = "<group>";
		};
/* End PBXVariantGroup section */

/* Begin XCBuildConfiguration section */
		1DFC39471C8C190200D80572 /* Debug */ = {
			isa = XCBuildConfiguration;
			buildSettings = {
				ALWAYS_SEARCH_USER_PATHS = NO;
				CLANG_CXX_LANGUAGE_STANDARD = "gnu++0x";
				CLANG_CXX_LIBRARY = "libc++";
				CLANG_ENABLE_MODULES = YES;
				CLANG_ENABLE_OBJC_ARC = YES;
				CLANG_WARN_BOOL_CONVERSION = YES;
				CLANG_WARN_CONSTANT_CONVERSION = YES;
				CLANG_WARN_DIRECT_OBJC_ISA_USAGE = YES_ERROR;
				CLANG_WARN_EMPTY_BODY = YES;
				CLANG_WARN_ENUM_CONVERSION = YES;
				CLANG_WARN_INT_CONVERSION = YES;
				CLANG_WARN_OBJC_ROOT_CLASS = YES_ERROR;
				CLANG_WARN_UNREACHABLE_CODE = YES;
				CLANG_WARN__DUPLICATE_METHOD_MATCH = YES;
				"CODE_SIGN_IDENTITY[sdk=iphoneos*]" = "iPhone Developer";
				COPY_PHASE_STRIP = NO;
				DEBUG_INFORMATION_FORMAT = dwarf;
				ENABLE_STRICT_OBJC_MSGSEND = YES;
				ENABLE_TESTABILITY = YES;
				GCC_C_LANGUAGE_STANDARD = gnu99;
				GCC_DYNAMIC_NO_PIC = NO;
				GCC_NO_COMMON_BLOCKS = YES;
				GCC_OPTIMIZATION_LEVEL = 0;
				GCC_PREPROCESSOR_DEFINITIONS = (
					"DEBUG=1",
					"$(inherited)",
				);
				GCC_WARN_64_TO_32_BIT_CONVERSION = YES;
				GCC_WARN_ABOUT_RETURN_TYPE = YES_ERROR;
				GCC_WARN_UNDECLARED_SELECTOR = YES;
				GCC_WARN_UNINITIALIZED_AUTOS = YES_AGGRESSIVE;
				GCC_WARN_UNUSED_FUNCTION = YES;
				GCC_WARN_UNUSED_VARIABLE = YES;
				IPHONEOS_DEPLOYMENT_TARGET = 9.2;
				MTL_ENABLE_DEBUG_INFO = YES;
				ONLY_ACTIVE_ARCH = YES;
				SDKROOT = iphoneos;
				SWIFT_OPTIMIZATION_LEVEL = "-Onone";
			};
			name = Debug;
		};
		1DFC39481C8C190200D80572 /* Release */ = {
			isa = XCBuildConfiguration;
			buildSettings = {
				ALWAYS_SEARCH_USER_PATHS = NO;
				CLANG_CXX_LANGUAGE_STANDARD = "gnu++0x";
				CLANG_CXX_LIBRARY = "libc++";
				CLANG_ENABLE_MODULES = YES;
				CLANG_ENABLE_OBJC_ARC = YES;
				CLANG_WARN_BOOL_CONVERSION = YES;
				CLANG_WARN_CONSTANT_CONVERSION = YES;
				CLANG_WARN_DIRECT_OBJC_ISA_USAGE = YES_ERROR;
				CLANG_WARN_EMPTY_BODY = YES;
				CLANG_WARN_ENUM_CONVERSION = YES;
				CLANG_WARN_INT_CONVERSION = YES;
				CLANG_WARN_OBJC_ROOT_CLASS = YES_ERROR;
				CLANG_WARN_UNREACHABLE_CODE = YES;
				CLANG_WARN__DUPLICATE_METHOD_MATCH = YES;
				"CODE_SIGN_IDENTITY[sdk=iphoneos*]" = "iPhone Developer";
				COPY_PHASE_STRIP = NO;
				DEBUG_INFORMATION_FORMAT = "dwarf-with-dsym";
				ENABLE_NS_ASSERTIONS = NO;
				ENABLE_STRICT_OBJC_MSGSEND = YES;
				GCC_C_LANGUAGE_STANDARD = gnu99;
				GCC_NO_COMMON_BLOCKS = YES;
				GCC_WARN_64_TO_32_BIT_CONVERSION = YES;
				GCC_WARN_ABOUT_RETURN_TYPE = YES_ERROR;
				GCC_WARN_UNDECLARED_SELECTOR = YES;
				GCC_WARN_UNINITIALIZED_AUTOS = YES_AGGRESSIVE;
				GCC_WARN_UNUSED_FUNCTION = YES;
				GCC_WARN_UNUSED_VARIABLE = YES;
				IPHONEOS_DEPLOYMENT_TARGET = 9.2;
				MTL_ENABLE_DEBUG_INFO = NO;
				SDKROOT = iphoneos;
				VALIDATE_PRODUCT = YES;
			};
			name = Release;
		};
		1DFC394A1C8C190200D80572 /* Debug */ = {
			isa = XCBuildConfiguration;
			buildSettings = {
				ASSETCATALOG_COMPILER_APPICON_NAME = AppIcon;
				INFOPLIST_FILE = SingleControllerRotation/Info.plist;
				LD_RUNPATH_SEARCH_PATHS = "$(inherited) @executable_path/Frameworks";
				PRODUCT_BUNDLE_IDENTIFIER = com.jairobjunior.DeviceRotationOnlyOneViewController;
				PRODUCT_NAME = SingleControllerRotation;
				SWIFT_VERSION = 5.0;
			};
			name = Debug;
		};
		1DFC394B1C8C190200D80572 /* Release */ = {
			isa = XCBuildConfiguration;
			buildSettings = {
				ASSETCATALOG_COMPILER_APPICON_NAME = AppIcon;
				INFOPLIST_FILE = SingleControllerRotation/Info.plist;
				LD_RUNPATH_SEARCH_PATHS = "$(inherited) @executable_path/Frameworks";
				PRODUCT_BUNDLE_IDENTIFIER = com.jairobjunior.DeviceRotationOnlyOneViewController;
				PRODUCT_NAME = SingleControllerRotation;
				SWIFT_VERSION = 5.0;
			};
			name = Release;
		};
/* End XCBuildConfiguration section */

/* Begin XCConfigurationList section */
		1DFC39321C8C190200D80572 /* Build configuration list for PBXProject "SingleControllerRotation" */ = {
			isa = XCConfigurationList;
			buildConfigurations = (
				1DFC39471C8C190200D80572 /* Debug */,
				1DFC39481C8C190200D80572 /* Release */,
			);
			defaultConfigurationIsVisible = 0;
			defaultConfigurationName = Release;
		};
		1DFC39491C8C190200D80572 /* Build configuration list for PBXNativeTarget "DeviceRotationOnlyOneViewController" */ = {
			isa = XCConfigurationList;
			buildConfigurations = (
				1DFC394A1C8C190200D80572 /* Debug */,
				1DFC394B1C8C190200D80572 /* Release */,
			);
			defaultConfigurationIsVisible = 0;
			defaultConfigurationName = Release;
		};
/* End XCConfigurationList section */
	};
	rootObject = 1DFC392F1C8C190200D80572 /* Project object */;
}
